# Written by tools/check-citations.py --update. Do not hand-edit.
# <file>:<lo>-<hi>\t<fingerprint>\t<first line of the cited range>
#
# THE FIRST LINE IS HERE FOR A PERSON, not for the tool: when a
# citation goes red this is what it used to point at, and reading it
# beside the claim is the whole job. A hash alone would make every
# failure a mystery and every fix a re-baseline.
src/core/udebugproto.pas:108-108	f7321e3307743907	Line: Integer;
src/core/udebugproto.pas:109-109	3cad279a8445c86c	end;
src/core/udebugproto.pas:110-110	d4dcb1753ba80358	TPdbpFrames = array of TPdbpFrame;
src/core/udebugproto.pas:169-171	65d6aae9003f9ed2	// "42" was an int% or a number, and a watch pane that guessed would be
src/core/udebugproto.pas:203-206	0897e7e9233e1567	function EncodeInitialize(ASeq: Integer; const AClientName: String): String;
src/core/udebugproto.pas:22-30	40a645246ba86c61	WHY NOT DAP. The Debug Adapter Protocol would bring an editor-agnostic
src/core/udebugproto.pas:245-248	a9e9312fc6fe43f6	function PdbpStopReasonName(AReason: TPdbpStopReason): String;
src/core/udebugproto.pas:32-37	8da847bdb92d020c	WHY NOT stdout. The obvious transport -- protocol frames on the child's own
src/core/udebugproto.pas:348-350	18091aacf5d2d017	function EncodeSimple(ASeq: Integer; ACommand: TPdbpCommand): String;
src/core/udebugproto.pas:47-50	776055311eaa0298	the two would come to disagree about which field is which. Both units are
src/core/udebugproto.pas:88-91	47c73dcb4bc60373	psrStep,
src/core/udebugproto.pas:94-94	dc475917ee048a46	expression evaluator says so here, and the editor greys out what is missing
src/core/udebugproto.pas:98-104	2d72b42e186aa951	Evaluate: Boolean;
src/core/udebugsession.pas:105-105	0b17240cd2fcf3f8	FPendingArg: array of Integer;
src/core/udebugsession.pas:111-121	dad094dfd1a64fb3	{ A transport that must be torn down, but not from where the request came.
src/core/udebugsession.pas:142-142	bbd42012ba23dc34	{ Ask AHostPath what it can do. Safe to call with '' (no host found), and
src/core/udebugsession.pas:206-212	084455e698e19466	implementation
src/core/udebugsession.pas:211-211	f75c659650787893	const
src/core/udebugsession.pas:22-24	d050ad8b85ea937c	would be a second way in. BeginListen returns the port; the caller starts
src/core/udebugsession.pas:52-59	a1d3a3566a01dd8b	dsUnavailable, // this host cannot debug; nothing else is reachable
src/core/ufindinfiles.pas:179-179	c6fd3e52ab3afe59	function LooksBinary(const ABuffer: String): Boolean;
src/core/uphosphorcomplete.pas:137-140	03e0d64b647f9e8e	THE BRACKETS MARK WHERE THE CARET IS, and are the only thing AArgIndex is for.
src/core/uphosphorcomplete.pas:138-140	5b8a73e7a539cada	A signature with fewer arguments than that index is rendered unmarked, because
src/core/uphosphorhost.pas:118-118	5a76766549442798	P := TProcessUTF8.Create(nil);
src/core/uphosphorhost.pas:196-196	3cad279a8445c86c	end;
src/core/uphosphorhost.pas:8-24	fcaaac870a6f7c63	The search order below is not arbitrary. It goes from the most deliberate answer
src/core/uphosphorhost.pas:98-98	df8e39f2d3d9499e	function RunAndCapture(const AExe: String; const AArgs: array of String;
src/core/uphosphorlang.pas:1350-1350	0d980b5b6e9e7c87	later one costs and the unit brings up six fewer TStringLists. }
src/core/uphosphorlang.pas:21-22	f82c3abd25a9bbef	A name's type suffix ($ % @ ?) is PART of the name and is kept -- `left$` is the
src/core/uphosphorlang.pas:30-31	21cb6e7136468331	{ Which host a built-in needs. Ordered by how universally available it is, so
src/core/uphosphorlang.pas:73-74	bdd8c8e109f697f1	{ The raw lists, for a completion box or a documentation lookup. Sorted, lower
src/core/uphosphormsg.pas:427-430	2b71d9eb975e0125	function HasSourceLocation(const AMsg: TPhosphorMessage): Boolean;
src/core/uphosphoroutline.pas:349-349	cb3f6d95e2b87a0b	function OutlineRowText(const AFunc: TOutlineFunc): String;
src/core/uphosphoroutline.pas:349-355	8da5ff733f9def9b	function OutlineRowText(const AFunc: TOutlineFunc): String;
src/core/uphosphorrepl.pas:75-75	92051006ea3c815b	ReplPrompt = 'phosphor> ';
src/core/uphosphorrepl.pas:76-76	373e3abb3561dfa2	ReplContinuation = ' ...> ';
src/core/uphosphorrun.pas:259-259	27b2dab379728398	AKind: TRunStream);
src/core/uphosphorrun.pas:509-520	8a56c7366029e5d1	begin
src/core/uphosphorrun.pas:527-535	d3d70e8b222b6937	function TPhosphorRunner.Start(const AExe: String; const AArgs: array of String;
src/core/uphosphorrun.pas:616-655	b58fe688d9a9ede8	if AKind = rsStdOut then
src/core/uphosphorrun.pas:667-681	6797bd00b56c765f	procedure TPhosphorRunner.FlushPrompt(AKind: TRunStream; var APartial: String;
src/core/uphosphorrun.pas:752-756	4fe25746e739c3b3	{ ExitCode, not ExitStatus. On Unix ExitStatus is the RAW wait status, so a
src/core/uphosphorrun.pas:773-773	e3b0c44298fc1c14	
src/core/uphosphorrun.pas:81-108	c4da38090a6b309c	protected
src/core/uphosphorsettings.pas:278-278	a127a959b6bc21d3	function TPhosphorSettings.GetRecentCount: Integer;
src/core/usynphosphor.pas:24-31	8b8687d3ea23a45b	WHAT IT DELIBERATELY GETS WRONG. Phosphor's lexer has NO keyword table -- every
src/core/usynphosphor.pas:5-12	bdb0549f59e76635	WHY THERE IS NO RANGE STATE. A SynEdit highlighter normally has to carry state
src/phosphoride.lpr:40-41	4676b961ee761e29	A hand-written .lfm that names a component the .pas does not publish streams
src/phosphoride.lpr:5-10	b8f150e9ccef2120	This program never links the Phosphor engine. It edits text and it spawns the
src/phosphoride.lpr:668-668	b0d7362318c9e966	Application.Scaled := True;
src/umainform.pas:1034-1034	3fe690cc263feb4d	Full: String;
src/umainform.pas:1052-1052	3cad279a8445c86c	end;
src/umainform.pas:1090-1090	c467b620cd99dff4	RefreshStatus;
src/umainform.pas:1146-1146	fbcf15b20e75777c	SaveDialog1.FileName := Doc.FileName
src/umainform.pas:1242-1242	c86872dc97dd35aa	var
src/umainform.pas:1324-1328	0434f65ab1b32416	Cond) then
src/umainform.pas:1350-1350	4bc3eeedbfa28f8f	roadmap item 26's own sentence -- "says plainly when one cannot be evaluated
src/umainform.pas:2130-2130	e3549248ab9de9fd	Doc.ToggleBreakpoint(Doc.CaretLine);
src/umainform.pas:2192-2195	e91c1a194f651526	if InLiteralOrComment(Line, Doc.Edit.LogicalCaretXY.X) then
src/umainform.pas:2226-2242	ae0ee3d794f5b205	procedure TFrmMain.CompletionAccepted(var AValue: String;
src/umainform.pas:2676-2676	8ae527a7b67d5007	AddReplNote('> end of input');
src/umainform.pas:2693-2699	85272bdd4ac23d53	{ THE ECHO, AND IT CLOSES THE PROMPT'S LINE. The prompt arrived without a
src/umainform.pas:271-275	f5a0315f248cc1a4	procedure ActionList1Update(AAction: TBasicAction; var Handled: Boolean);
src/umainform.pas:275-275	6671e28942d75669	procedure FormCloseQuery(Sender: TObject; var CanClose: Boolean);
src/umainform.pas:2925-2927	d1b093fad31639c8	AddReplNote('> the REPL was stopped')
src/umainform.pas:2991-2991	b1e37daab5e485ff	Row := Format('%d: %s', [FOutline[I].Line, OutlineRowText(FOutline[I])]);
src/umainform.pas:2994-2996	82bc626467643a39	it is being written, so it is a note and not a complaint. }
src/umainform.pas:3138-3138	ecbbf700fea0e12f	StatusBar1.Panels[3].Text :=
src/umainform.pas:3142-3142	ecbbf700fea0e12f	StatusBar1.Panels[3].Text :=
src/umainform.pas:3145-3145	ecbbf700fea0e12f	StatusBar1.Panels[3].Text :=
src/umainform.pas:3319-3319	1591d7da5d68d7f2	procedure TFrmMain.ActDebugWhyExecute(Sender: TObject);
src/umainform.pas:429-429	524379aa7ecdc4c6	FSigHint: THintWindow;
src/umainform.pas:4331-4331	db3b17fc873c1059	procedure TFrmMain.RefreshSignatureHint;
src/umainform.pas:443-455	a2936ae7ccbb3a83	cadence, not a fact, and reading one as "a session is live" meant that
src/umainform.pas:4487-4487	be91e9295a09973c	line. Nothing is refused and the caret does not move -- the block opens, the
src/umainform.pas:4490-4495	53251615674ed61c	Hidden := Doc.HiddenBreakpointCount(ALine);
src/umainform.pas:4577-4577	f5ff5490b9c83e5e	StatusBar1.Panels[0].Text := Format('%d: %d', [Doc.CaretLine, Doc.CaretCol]);
src/umainform.pas:4598-4601	36d9f9e543341d59	if FRunner.Running then
src/umainform.pas:4599-4601	6d34575bcc090f71	StatusBar1.Panels[3].Text := FRunLabel + ' ...'
src/umainform.pas:508-508	a1ecc4841306ddcf	procedure AddReplText(AKind: TRunStream; const AText: String;
src/umainform.pas:560-561	a00bc809040cdbe5	procedure GotoSource(const APath: String; ALine: Integer;
src/umainform.pas:6-10	6e5a2b104154c318	The one rule this unit exists to keep: NOTHING HERE WAITS. Every call into the
src/umainform.pas:636-636	7effb3a1ae7eb275	DebugPollIntervalMs = 40;
src/umainform.pas:647-703	14826a9d8e11015e	and point at slots that exist by the time anything paints.
src/umainform.pas:698-698	1fba61ea27a1be58	FFind.OnDone := @FindDone;
tests/phosphoridetest.lpr:24-40	0d691bbe687f8276	uses
tests/phosphoridetest.lpr:26-38	e2a259ad94377259	{ LINKING THE LCL IS NOT WHAT CONNECTS TO A DISPLAY. `Interfaces` is: its
tools/gen-keywords.py:135-135	e256ee8e7aff6957	continue
tools/gen-keywords.py:36-36	df80d2f74b15bcaf	with the argument codes accumulated in a loop variable, so the literal in the
tools/gen-keywords.py:46-46	efe0d166d9da095f	any of them, this script fails and a human decides what the new numbers are
