# Written by tools/check-citations.py --update. Do not hand-edit.
# <file>:<lo>-<hi>\t<fingerprint>\t<first line of the cited range>
#
# THE FIRST LINE IS HERE FOR A PERSON, not for the tool: when a
# citation goes red this is what it used to point at, and reading it
# beside the claim is the whole job. A hash alone would make every
# failure a mystery and every fix a re-baseline.
../Phosphor/engine/PhosphorBytecode.pas:284-284	3765159b833621cd	WU8(AStream, Ord(High(TOpcode))); // opcode-set guard
../Phosphor/engine/PhosphorBytecode.pas:36-36	a25c49bc8ef63d7a	PBC_VERSION = 1; // bump whenever the format or opcode meaning changes
../Phosphor/engine/PhosphorCompiler.pas:2049-2049	9be22927f99a41e0	FProg.Emit(opPrintFile, 0, 0, ln);
../Phosphor/engine/PhosphorCompiler.pas:2359-2359	325755d8f0822b2b	if t.StrVal = 'function' then begin ParseFunction(); Exit; end;
../Phosphor/engine/PhosphorCompiler.pas:2406-2426	fb377a78b68c3d70	FProg.Emit(opResume, 0, 0, t.Line);
../Phosphor/engine/PhosphorCompiler.pas:2939-2948	ad12dad795bf07ef	if FLex.Cur().Kind = tkInt then
../Phosphor/engine/PhosphorCompiler.pas:2962-2972	aee3b8252e5d3c27	// AND THIS LOOP RUNS THE TEST IN MORE PLACES THAN A LINE'S START, which
../Phosphor/engine/PhosphorCompiler.pas:421-448	376fa173c4e2a106	FVarNames[FVarCount] := AName;
../Phosphor/engine/PhosphorCompiler.pas:461-469	027fd2d5a79f3b98	Result.Idx := FLocalCount - 1;
../Phosphor/engine/PhosphorCompiler.pas:601-645	b66a166269998dd3	if FInFunction then begin Fail('nested functions are not supported', FLex.Cur().Line); Exit; end;
../Phosphor/engine/PhosphorCompiler.pas:634-645	65a0c622f3f9126a	if IsKeyword('local') then
../Phosphor/engine/PhosphorCompiler.pas:710-712	82735bfbc869d22a	if FFailed then Exit;
../Phosphor/engine/PhosphorCompiler.pas:725-727	8834dd7e15a2124b	FProg.SetUserFuncLocals(ufIdx, ltypes, lnames);
../Phosphor/engine/PhosphorCompiler.pas:74-74	489c3d94ec628b8f	the comment there -- because "the lexer is sitting at the end" and "the
../Phosphor/engine/PhosphorCompiler.pas:77-77	313cc6ba5692c4df	FParseDone: Boolean;
../Phosphor/engine/PhosphorCompiler.pas:796-797	08bc6ba8dfbd1da4	if FLabelCount = Length(FLabelName) then
../Phosphor/engine/PhosphorCompiler.pas:932-936	169078ab66ce781a	Expect(tkRParen, '")"');
../Phosphor/engine/PhosphorCompiler.pas:996-996	f6472a4586333027	else if FLex.Peek().Kind = tkLParen then begin FLex.Advance(); ParseCall(t.StrVal, t.Line); end
../Phosphor/engine/PhosphorEngine.pas:313-313	9d8c1c0bd8e9f4f3	before. A seam that wants the VM mid-run asks DebugVM, which is the next
../Phosphor/engine/PhosphorLexer.pas:189-224	d0af7633d68933f6	procedure TLexer.MergeCompoundKeywords;
../Phosphor/engine/PhosphorLexer.pas:207-209	532efb2378427822	end
../Phosphor/engine/PhosphorLexer.pas:215-219	692d7850dd379b00	Inc(i, 2);
../Phosphor/engine/PhosphorLexer.pas:265-292	1f156dd30e8293b1	// number
../Phosphor/engine/PhosphorLexer.pas:394-404	f74f41e511f21a4a	case FSrc[FPos + 1] of
../Phosphor/engine/PhosphorLexer.pas:420-435	e7c5a060d3c04052	end
../Phosphor/engine/PhosphorLexer.pas:444-470	2e036451085954f3	// identifier (with optional trailing type suffix), or keyword
../Phosphor/engine/PhosphorLexer.pas:448-451	79aad005c1183b5f	while (FPos <= len) and IsIdentChar(FSrc[FPos]) do Inc(FPos);
../Phosphor/engine/PhosphorLexer.pas:452-452	4cacf667e2096beb	s := LowerCase(Copy(FSrc, n, FPos - n));
../Phosphor/engine/PhosphorLexer.pas:453-453	dc699a33e1c5eeb0	if s = 'rem' then
../Phosphor/engine/PhosphorLexer.pas:453-458	147a2ee81562459c	if s = 'rem' then
../Phosphor/engine/PhosphorLexer.pas:459-460	7999a00f5548372a	if s = 'mod' then
../Phosphor/engine/PhosphorLexer.pas:90-98	6a6a9aff770908dc	function IsIdentStart(C: Char): Boolean; inline;
../Phosphor/engine/PhosphorOpcodes.pas:126-152	755a57f3bf67d78d	Entry: Integer;
../Phosphor/engine/PhosphorRegistry.pas:220-228	bc8777b940cab88f	{ The guards are the registry's own objects; nothing outside holds one, and a
../Phosphor/engine/PhosphorVM.pas:1585-1589	4429753f8e88dc45	begin
../Phosphor/engine/PhosphorVM.pas:1722-1722	71fa3514944f7d26	((Fmt[i] = '+') and (i < n) and (Fmt[i + 1] in ['#', '.', '$', '*'])) or
../Phosphor/engine/PhosphorVM.pas:177-177	cddb2e3f650b3bfa	CallerStmtPC, CallerStmtSP, CallerStmtFrameSP: Integer;
../Phosphor/engine/PhosphorVM.pas:2020-2024	0ee505add4f97be0	// settles it and the resume of any later one does not. See RestoreOverlap.
../Phosphor/engine/PhosphorVM.pas:2030-2036	42874bde5ec81c3e	range inventedFrom .. inventedTo, empty when inventedFrom is MaxInt. Exactly
../Phosphor/engine/PhosphorVM.pas:206-206	e40b6fdb1e748173	the arrival of a fifth action a change to the state machine.
../Phosphor/engine/PhosphorVM.pas:2256-2260	08b9bd962dbfb18d	TWO RULES THIS ACTIVATION MUST RESPECT.
../Phosphor/engine/PhosphorVM.pas:2558-2558	8bbb0310698d23fc	bTmp := False;
../Phosphor/engine/PhosphorVM.pas:374-374	a2424c186f1ad8d0	and the pc of the boundary. Those four are ONE value in four fields: a step
../Phosphor/engine/PhosphorVM.pas:3751-3751	e6f07d43b5c21db0	begin
../Phosphor/engine/PhosphorVM.pas:4127-4162	0d7dd6257e075e5c	FStartTick moves forward by the parked milliseconds.
../Phosphor/engine/PhosphorValue.pas:632-632	0f9d0b2d99d6030d	concatenation, EAccessViolation, and EStackOverflow, and report each of them
../Phosphor/engine/PhosphorValue.pas:73-74	e98e04fb9e96ac0a	and simply continues. The seam MUST NOT block: the engine treats it as a
../Phosphor/engine/libs/PhosphorDictLib.pas:47-53	937de134e3f245a9	{ Each entry's hash, taken once when the entry is made and carried beside
../Phosphor/host/console/phosphor.lpr:1497-1509	9227e859d1606ede	being empty, and the compile error still arrives the way it always did, when the
../Phosphor/host/console/phosphor.lpr:1538-1538	68fc7e560b4531d3	if not keep then Continue;
../Phosphor/host/console/phosphor.lpr:1565-1569	be180bb6d967a15a	function TDebugProto.ConditionAt(ALine: Integer): String;
../Phosphor/host/console/phosphor.lpr:1774-1775	8ff5d10d11b896eb	for i := 0 to vm.DbgGlobalCount() - 1 do
../Phosphor/host/console/phosphor.lpr:1868-1874	dc4d4b8da725be2f	`=` INSIDE AN EXPRESSION IS A COMPARISON (opEQ), never a store, so the only
../Phosphor/host/console/phosphor.lpr:1884-1891	d4423ae5f38a76fb	are not a purity judgement about the library: they are what the COMPILER'S
../Phosphor/host/console/phosphor.lpr:3746-3746	08c004dd24026354	if pending = '' then host.Output('phosphor> ') else host.Output(' ...> ');
../Phosphor/host/console/phosphor.lpr:787-806	f649f43eb84c64e7	svc.HandleMessage := @GGuiSvc.PumpOne;
../Phosphor/scripts/build.ps1:57-59	80bf40f86157965b	# against tests/boundary: the PowerShell halves 10/11, the bash halves 8/11. Both
../Phosphor/scripts/check-seams.py:98-98	14b1846b246f3bde	# report-and-continue; there is nowhere for a host to pause to" -- which is
../Phosphor/tests/debug_protocol_test.py:141-141	7f9629fae2691404	caps.get('setVariable') is False, str(caps))
src/core/udebugproto.pas:104-104	f7321e3307743907	Line: Integer;
src/core/udebugproto.pas:105-105	3cad279a8445c86c	end;
src/core/udebugproto.pas:106-106	d4dcb1753ba80358	TPdbpFrames = array of TPdbpFrame;
src/core/udebugproto.pas:165-167	65d6aae9003f9ed2	// "42" was an int% or a number, and a watch pane that guessed would be
src/core/udebugproto.pas:18-26	40a645246ba86c61	WHY NOT DAP. The Debug Adapter Protocol would bring an editor-agnostic
src/core/udebugproto.pas:199-202	0897e7e9233e1567	function EncodeInitialize(ASeq: Integer; const AClientName: String): String;
src/core/udebugproto.pas:241-244	a9e9312fc6fe43f6	function PdbpStopReasonName(AReason: TPdbpStopReason): String;
src/core/udebugproto.pas:28-33	8da847bdb92d020c	WHY NOT stdout. The obvious transport -- protocol frames on the child's own
src/core/udebugproto.pas:344-346	18091aacf5d2d017	function EncodeSimple(ASeq: Integer; ACommand: TPdbpCommand): String;
src/core/udebugproto.pas:43-46	776055311eaa0298	the two would come to disagree about which field is which. Both units are
src/core/udebugproto.pas:84-87	47c73dcb4bc60373	psrStep,
src/core/udebugproto.pas:90-90	dc475917ee048a46	expression evaluator says so here, and the editor greys out what is missing
src/core/udebugproto.pas:94-100	2d72b42e186aa951	Evaluate: Boolean;
src/core/udebugsession.pas:105-105	0b17240cd2fcf3f8	FPendingArg: array of Integer;
src/core/udebugsession.pas:111-121	dad094dfd1a64fb3	{ A transport that must be torn down, but not from where the request came.
src/core/udebugsession.pas:142-142	bbd42012ba23dc34	{ Ask AHostPath what it can do. Safe to call with '' (no host found), and
src/core/udebugsession.pas:206-212	084455e698e19466	implementation
src/core/udebugsession.pas:211-211	f75c659650787893	const
src/core/udebugsession.pas:22-24	d050ad8b85ea937c	would be a second way in. BeginListen returns the port; the caller starts
src/core/udebugsession.pas:52-59	a1d3a3566a01dd8b	dsUnavailable, // this host cannot debug; nothing else is reachable
src/core/uphosphorhost.pas:118-118	5a76766549442798	P := TProcessUTF8.Create(nil);
src/core/uphosphorhost.pas:196-196	3cad279a8445c86c	end;
src/core/uphosphorhost.pas:8-24	fcaaac870a6f7c63	The search order below is not arbitrary. It goes from the most deliberate answer
src/core/uphosphorhost.pas:98-98	df8e39f2d3d9499e	function RunAndCapture(const AExe: String; const AArgs: array of String;
src/core/uphosphorlang.pas:1349-1349	0d980b5b6e9e7c87	later one costs and the unit brings up six fewer TStringLists. }
src/core/uphosphorlang.pas:21-22	f82c3abd25a9bbef	A name's type suffix ($ % @ ?) is PART of the name and is kept -- `left$` is the
src/core/uphosphorlang.pas:30-31	21cb6e7136468331	{ Which host a built-in needs. Ordered by how universally available it is, so
src/core/uphosphorlang.pas:73-74	bdd8c8e109f697f1	{ The raw lists, for a completion box or a documentation lookup. Sorted, lower
src/core/uphosphormsg.pas:223-226	2b71d9eb975e0125	function HasSourceLocation(const AMsg: TPhosphorMessage): Boolean;
src/core/uphosphorrun.pas:259-259	27b2dab379728398	AKind: TRunStream);
src/core/uphosphorrun.pas:509-520	8a56c7366029e5d1	begin
src/core/uphosphorrun.pas:527-535	d3d70e8b222b6937	function TPhosphorRunner.Start(const AExe: String; const AArgs: array of String;
src/core/uphosphorrun.pas:616-655	b58fe688d9a9ede8	if AKind = rsStdOut then
src/core/uphosphorrun.pas:667-681	6797bd00b56c765f	procedure TPhosphorRunner.FlushPrompt(AKind: TRunStream; var APartial: String;
src/core/uphosphorrun.pas:752-756	4fe25746e739c3b3	{ ExitCode, not ExitStatus. On Unix ExitStatus is the RAW wait status, so a
src/core/uphosphorrun.pas:773-773	e3b0c44298fc1c14	
src/core/uphosphorrun.pas:81-108	c4da38090a6b309c	protected
src/core/uphosphorsettings.pas:278-278	a127a959b6bc21d3	function TPhosphorSettings.GetRecentCount: Integer;
src/core/usynphosphor.pas:24-31	6e9a638df26ca96d	WHAT IT DELIBERATELY GETS WRONG. Phosphor's lexer has NO keyword table -- every
src/core/usynphosphor.pas:5-12	abe3e2dc52151184	WHY THERE IS NO RANGE STATE. A SynEdit highlighter normally has to carry state
src/phosphoride.lpr:114-114	3cad279a8445c86c	end;
src/phosphoride.lpr:40-41	4676b961ee761e29	A hand-written .lfm that names a component the .pas does not publish streams
src/phosphoride.lpr:5-10	b8f150e9ccef2120	This program never links the Phosphor engine. It edits text and it spawns the
src/umainform.pas:1029-1029	3fe690cc263feb4d	Full: String;
src/umainform.pas:1047-1047	3cad279a8445c86c	end;
src/umainform.pas:1141-1141	fbcf15b20e75777c	SaveDialog1.FileName := Doc.FileName
src/umainform.pas:1237-1237	c86872dc97dd35aa	var
src/umainform.pas:1319-1323	0434f65ab1b32416	Cond) then
src/umainform.pas:1345-1345	4bc3eeedbfa28f8f	roadmap item 26's own sentence -- "says plainly when one cannot be evaluated
src/umainform.pas:266-270	f5a0315f248cc1a4	procedure ActionList1Update(AAction: TBasicAction; var Handled: Boolean);
src/umainform.pas:270-270	6671e28942d75669	procedure FormCloseQuery(Sender: TObject; var CanClose: Boolean);
src/umainform.pas:3247-3247	1591d7da5d68d7f2	procedure TFrmMain.ActDebugWhyExecute(Sender: TObject);
src/umainform.pas:438-450	a2936ae7ccbb3a83	cadence, not a fact, and reading one as "a session is live" meant that
src/umainform.pas:503-503	a1ecc4841306ddcf	procedure AddReplText(AKind: TRunStream; const AText: String;
src/umainform.pas:6-10	6e5a2b104154c318	The one rule this unit exists to keep: NOTHING HERE WAITS. Every call into the
src/umainform.pas:642-698	14826a9d8e11015e	and point at slots that exist by the time anything paints.
src/umainform.pas:693-693	1fba61ea27a1be58	FFind.OnDone := @FindDone;
src/umainform.pas:868-905	8bfb1ba23a3e68a3	the debug session and empties the stack and variables panes; the longer
tests/phosphoridetest.lpr:24-40	0d691bbe687f8276	uses
tests/phosphoridetest.lpr:26-38	e2a259ad94377259	{ LINKING THE LCL IS NOT WHAT CONNECTS TO A DISPLAY. `Interfaces` is: its
tools/gen-keywords.py:135-135	e256ee8e7aff6957	continue
tools/gen-keywords.py:36-36	df80d2f74b15bcaf	with the argument codes accumulated in a loop variable, so the literal in the
tools/gen-keywords.py:46-46	efe0d166d9da095f	any of them, this script fails and a human decides what the new numbers are
